
Microsoft Visual Studio Solution File, Format Version 12.00
# Visual Studio Version 16
VisualStudioVersion = 16.0.28803.452
MinimumVisualStudioVersion = 10.0.40219.1
Project("{FAE04EC0-301F-11D3-BF4B-00C04F79EFBC}") = "SvgImageSource.Android", "SvgImageSource\SvgImageSource.Android\SvgImageSource.Android.csproj", "{5F68FB7F-6D4F-4207-B2C2-7570D84128BE}"
EndProject
Project("{FAE04EC0-301F-11D3-BF4B-00C04F79EFBC}") = "SvgImageSource.iOS", "SvgImageSource\SvgImageSource.iOS\SvgImageSource.iOS.csproj", "{072BE4F5-7A3F-47C0-AFA5-98203171982A}"
EndProject
Project("{FAE04EC0-301F-11D3-BF4B-00C04F79EFBC}") = "SvgImageSource", "SvgImageSource\SvgImageSource\SvgImageSource.csproj", "{795452F4-3267-49E1-ACD3-FAF4C2F6E867}"
EndProject
Global
	GlobalSection(SolutionConfigurationPlatforms) = preSolution
		Debug|Any CPU = Debug|Any CPU
		Debug|iPhone = Debug|iPhone
		Debug|iPhoneSimulator = Debug|iPhoneSimulator
		Release|Any CPU = Release|Any CPU
		Release|iPhone = Release|iPhone
		Release|iPhoneSimulator = Release|iPhoneSimulator
	EndGlobalSection
	GlobalSection(ProjectConfigurationPlatforms) = postSolution
		{5F68FB7F-6D4F-4207-B2C2-7570D84128BE}.Debug|Any CPU.ActiveCfg = Debug|Any CPU
		{5F68FB7F-6D4F-4207-B2C2-7570D84128BE}.Debug|Any CPU.Build.0 = Debug|Any CPU
		{5F68FB7F-6D4F-4207-B2C2-7570D84128BE}.Debug|Any CPU.Deploy.0 = Debug|Any CPU
		{5F68FB7F-6D4F-4207-B2C2-7570D84128BE}.Debug|iPhone.ActiveCfg = Debug|Any CPU
		{5F68FB7F-6D4F-4207-B2C2-7570D84128BE}.Debug|iPhone.Build.0 = Debug|Any CPU
		{5F68FB7F-6D4F-4207-B2C2-7570D84128BE}.Debug|iPhone.Deploy.0 = Debug|Any CPU
		{5F68FB7F-6D4F-4207-B2C2-7570D84128BE}.Debug|iPhoneSimulator.ActiveCfg = Debug|Any CPU
		{5F68FB7F-6D4F-4207-B2C2-7570D84128BE}.Debug|iPhoneSimulator.Build.0 = Debug|Any CPU
		{5F68FB7F-6D4F-4207-B2C2-7570D84128BE}.Debug|iPhoneSimulator.Deploy.0 = Debug|Any CPU
		{5F68FB7F-6D4F-4207-B2C2-7570D84128BE}.Release|Any CPU.ActiveCfg = Release|Any CPU
		{5F68FB7F-6D4F-4207-B2C2-7570D84128BE}.Release|Any CPU.Build.0 = Release|Any CPU
		{5F68FB7F-6D4F-4207-B2C2-7570D84128BE}.Release|Any CPU.Deploy.0 = Release|Any CPU
		{5F68FB7F-6D4F-4207-B2C2-7570D84128BE}.Release|iPhone.ActiveCfg = Release|Any CPU
		{5F68FB7F-6D4F-4207-B2C2-7570D84128BE}.Release|iPhone.Build.0 = Release|Any CPU
		{5F68FB7F-6D4F-4207-B2C2-7570D84128BE}.Release|iPhone.Deploy.0 = Release|Any CPU
		{5F68FB7F-6D4F-4207-B2C2-7570D84128BE}.Release|iPhoneSimulator.ActiveCfg = Release|Any CPU
		{5F68FB7F-6D4F-4207-B2C2-7570D84128BE}.Release|iPhoneSimulator.Build.0 = Release|Any CPU
		{5F68FB7F-6D4F-4207-B2C2-7570D84128BE}.Release|iPhoneSimulator.Deploy.0 = Release|Any CPU
		{072BE4F5-7A3F-47C0-AFA5-98203171982A}.Debug|Any CPU.ActiveCfg = Debug|iPhoneSimulator
		{072BE4F5-7A3F-47C0-AFA5-98203171982A}.Debug|Any CPU.Build.0 = Debug|iPhoneSimulator
		{072BE4F5-7A3F-47C0-AFA5-98203171982A}.Debug|Any CPU.Deploy.0 = Debug|iPhoneSimulator
		{072BE4F5-7A3F-47C0-AFA5-98203171982A}.Debug|iPhone.ActiveCfg = Debug|iPhone
		{072BE4F5-7A3F-47C0-AFA5-98203171982A}.Debug|iPhone.Build.0 = Debug|iPhone
		{072BE4F5-7A3F-47C0-AFA5-98203171982A}.Debug|iPhone.Deploy.0 = Debug|iPhone
		{072BE4F5-7A3F-47C0-AFA5-98203171982A}.Debug|iPhoneSimulator.ActiveCfg = Debug|iPhoneSimulator
		{072BE4F5-7A3F-47C0-AFA5-98203171982A}.Debug|iPhoneSimulator.Build.0 = Debug|iPhoneSimulator
		{072BE4F5-7A3F-47C0-AFA5-98203171982A}.Debug|iPhoneSimulator.Deploy.0 = Debug|iPhoneSimulator
		{072BE4F5-7A3F-47C0-AFA5-98203171982A}.Release|Any CPU.ActiveCfg = Release|iPhone
		{072BE4F5-7A3F-47C0-AFA5-98203171982A}.Release|Any CPU.Build.0 = Release|iPhone
		{072BE4F5-7A3F-47C0-AFA5-98203171982A}.Release|Any CPU.Deploy.0 = Release|iPhone
		{072BE4F5-7A3F-47C0-AFA5-98203171982A}.Release|iPhone.ActiveCfg = Release|iPhone
		{072BE4F5-7A3F-47C0-AFA5-98203171982A}.Release|iPhone.Build.0 = Release|iPhone
		{072BE4F5-7A3F-47C0-AFA5-98203171982A}.Release|iPhone.Deploy.0 = Release|iPhone
		{072BE4F5-7A3F-47C0-AFA5-98203171982A}.Release|iPhoneSimulator.ActiveCfg = Release|iPhoneSimulator
		{072BE4F5-7A3F-47C0-AFA5-98203171982A}.Release|iPhoneSimulator.Build.0 = Release|iPhoneSimulator
		{072BE4F5-7A3F-47C0-AFA5-98203171982A}.Release|iPhoneSimulator.Deploy.0 = Release|iPhoneSimulator
		{795452F4-3267-49E1-ACD3-FAF4C2F6E867}.Debug|Any CPU.ActiveCfg = Debug|Any CPU
		{795452F4-3267-49E1-ACD3-FAF4C2F6E867}.Debug|Any CPU.Build.0 = Debug|Any CPU
		{795452F4-3267-49E1-ACD3-FAF4C2F6E867}.Debug|Any CPU.Deploy.0 = Debug|Any CPU
		{795452F4-3267-49E1-ACD3-FAF4C2F6E867}.Debug|iPhone.ActiveCfg = Debug|Any CPU
		{795452F4-3267-49E1-ACD3-FAF4C2F6E867}.Debug|iPhone.Build.0 = Debug|Any CPU
		{795452F4-3267-49E1-ACD3-FAF4C2F6E867}.Debug|iPhone.Deploy.0 = Debug|Any CPU
		{795452F4-3267-49E1-ACD3-FAF4C2F6E867}.Debug|iPhoneSimulator.ActiveCfg = Debug|Any CPU
		{795452F4-3267-49E1-ACD3-FAF4C2F6E867}.Debug|iPhoneSimulator.Build.0 = Debug|Any CPU
		{795452F4-3267-49E1-ACD3-FAF4C2F6E867}.Debug|iPhoneSimulator.Deploy.0 = Debug|Any CPU
		{795452F4-3267-49E1-ACD3-FAF4C2F6E867}.Release|Any CPU.ActiveCfg = Release|Any CPU
		{795452F4-3267-49E1-ACD3-FAF4C2F6E867}.Release|Any CPU.Build.0 = Release|Any CPU
		{795452F4-3267-49E1-ACD3-FAF4C2F6E867}.Release|Any CPU.Deploy.0 = Release|Any CPU
		{795452F4-3267-49E1-ACD3-FAF4C2F6E867}.Release|iPhone.ActiveCfg = Release|Any CPU
		{795452F4-3267-49E1-ACD3-FAF4C2F6E867}.Release|iPhone.Build.0 = Release|Any CPU
		{795452F4-3267-49E1-ACD3-FAF4C2F6E867}.Release|iPhone.Deploy.0 = Release|Any CPU
		{795452F4-3267-49E1-ACD3-FAF4C2F6E867}.Release|iPhoneSimulator.ActiveCfg = Release|Any CPU
		{795452F4-3267-49E1-ACD3-FAF4C2F6E867}.Release|iPhoneSimulator.Build.0 = Release|Any CPU
		{795452F4-3267-49E1-ACD3-FAF4C2F6E867}.Release|iPhoneSimulator.Deploy.0 = Release|Any CPU
	EndGlobalSection
	GlobalSection(SolutionProperties) = preSolution
		HideSolutionNode = FALSE
	EndGlobalSection
	GlobalSection(ExtensibilityGlobals) = postSolution
		SolutionGuid = {F749B45E-69DD-4C87-834A-56C784EAE8E1}
	EndGlobalSection
EndGlobal
